
Microsoft Visual Studio Solution File, Format Version 12.00
# Visual Studio Version 17
VisualStudioVersion = 17.14.36310.24 d17.14
MinimumVisualStudioVersion = 10.0.40219.1
Project("{FAE04EC0-301F-11D3-BF4B-00C04F79EFBC}") = "CalculatorTest", "CalculatorTest\CalculatorTest.csproj", "{6FA2D56F-B294-457D-BD5D-39DB01C074C5}"
EndProject
Project("{FAE04EC0-301F-11D3-BF4B-00C04F79EFBC}") = "CalculatorApp", "CalculatorApp\CalculatorApp.csproj", "{CFF7B82B-3BD3-4D89-A538-0516A427B179}"
EndProject
Global
	GlobalSection(SolutionConfigurationPlatforms) = preSolution
		Debug|Any CPU = Debug|Any CPU
		Release|Any CPU = Release|Any CPU
	EndGlobalSection
	GlobalSection(ProjectConfigurationPlatforms) = postSolution
		{6FA2D56F-B294-457D-BD5D-39DB01C074C5}.Debug|Any CPU.ActiveCfg = Debug|Any CPU
		{6FA2D56F-B294-457D-BD5D-39DB01C074C5}.Debug|Any CPU.Build.0 = Debug|Any CPU
		{6FA2D56F-B294-457D-BD5D-39DB01C074C5}.Release|Any CPU.ActiveCfg = Release|Any CPU
		{6FA2D56F-B294-457D-BD5D-39DB01C074C5}.Release|Any CPU.Build.0 = Release|Any CPU
		{CFF7B82B-3BD3-4D89-A538-0516A427B179}.Debug|Any CPU.ActiveCfg = Debug|Any CPU
		{CFF7B82B-3BD3-4D89-A538-0516A427B179}.Debug|Any CPU.Build.0 = Debug|Any CPU
		{CFF7B82B-3BD3-4D89-A538-0516A427B179}.Release|Any CPU.ActiveCfg = Release|Any CPU
		{CFF7B82B-3BD3-4D89-A538-0516A427B179}.Release|Any CPU.Build.0 = Release|Any CPU
	EndGlobalSection
	GlobalSection(SolutionProperties) = preSolution
		HideSolutionNode = FALSE
	EndGlobalSection
	GlobalSection(ExtensibilityGlobals) = postSolution
		SolutionGuid = {6FC90E39-2353-4529-8992-35EA95E235D7}
	EndGlobalSection
EndGlobal
